
Microsoft Visual Studio Solution File, Format Version 12.00
# Visual Studio Version 16
VisualStudioVersion = 16.0.30907.101
MinimumVisualStudioVersion = 10.0.40219.1
Project("{FAE04EC0-301F-11D3-BF4B-00C04F79EFBC}") = "Merkkijono", "Merkkijono.csproj", "{45544BE4-AC02-4B0D-A858-6F79ABD26E7E}"
EndProject
Project("{FAE04EC0-301F-11D3-BF4B-00C04F79EFBC}") = "MerkkijonoTest", "..\MerkkijonoTest\MerkkijonoTest.csproj", "{AEEC454E-F82E-4057-925F-541444ABFAFA}"
EndProject
Global
	GlobalSection(SolutionConfigurationPlatforms) = preSolution
		Debug|Any CPU = Debug|Any CPU
		Release|Any CPU = Release|Any CPU
	EndGlobalSection
	GlobalSection(ProjectConfigurationPlatforms) = postSolution
		{45544BE4-AC02-4B0D-A858-6F79ABD26E7E}.Debug|Any CPU.ActiveCfg = Debug|Any CPU
		{45544BE4-AC02-4B0D-A858-6F79ABD26E7E}.Debug|Any CPU.Build.0 = Debug|Any CPU
		{45544BE4-AC02-4B0D-A858-6F79ABD26E7E}.Release|Any CPU.ActiveCfg = Release|Any CPU
		{45544BE4-AC02-4B0D-A858-6F79ABD26E7E}.Release|Any CPU.Build.0 = Release|Any CPU
		{AEEC454E-F82E-4057-925F-541444ABFAFA}.Debug|Any CPU.ActiveCfg = Debug|Any CPU
		{AEEC454E-F82E-4057-925F-541444ABFAFA}.Debug|Any CPU.Build.0 = Debug|Any CPU
		{AEEC454E-F82E-4057-925F-541444ABFAFA}.Release|Any CPU.ActiveCfg = Release|Any CPU
		{AEEC454E-F82E-4057-925F-541444ABFAFA}.Release|Any CPU.Build.0 = Release|Any CPU
	EndGlobalSection
	GlobalSection(SolutionProperties) = preSolution
		HideSolutionNode = FALSE
	EndGlobalSection
	GlobalSection(ExtensibilityGlobals) = postSolution
		SolutionGuid = {A5D199BC-F2BC-4AE9-953E-1757F39E2158}
	EndGlobalSection
EndGlobal
